// !$*UTF8*$!
{
	archiveVersion = 1;
	classes = {
	};
	objectVersion = 56;
	objects = {

/* Begin PBXBuildFile section */
		F3F26D6C2CC3E6DB0050DD09 /* AppDelegate.swift in Sources */ = {isa = PBXBuildFile; fileRef = F3F26D6B2CC3E6DB0050DD09 /* AppDelegate.swift */; };
		F3F26D6E2CC3E6DB0050DD09 /* SceneDelegate.swift in Sources */ = {isa = PBXBuildFile; fileRef = F3F26D6D2CC3E6DB0050DD09 /* SceneDelegate.swift */; };
		F3F26D702CC3E6DB0050DD09 /* ViewController.swift in Sources */ = {isa = PBXBuildFile; fileRef = F3F26D6F2CC3E6DB0050DD09 /* ViewController.swift */; };
		F3F26D752CC3E6DC0050DD09 /* Assets.xcassets in Resources */ = {isa = PBXBuildFile; fileRef = F3F26D742CC3E6DC0050DD09 /* Assets.xcassets */; };
		F3F26D812CC3EEE30050DD09 /* LaunchScreen.storyboard in Resources */ = {isa = PBXBuildFile; fileRef = F3F26D802CC3EEE30050DD09 /* LaunchScreen.storyboard */; };
		F3F26D832CC3F38A0050DD09 /* NetworkManager.swift in Sources */ = {isa = PBXBuildFile; fileRef = F3F26D822CC3F38A0050DD09 /* NetworkManager.swift */; };
		F3F26D852CC3F5C10050DD09 /* APIRequestError.swift in Sources */ = {isa = PBXBuildFile; fileRef = F3F26D842CC3F5C10050DD09 /* APIRequestError.swift */; };
		F3F26D872CC3FDA30050DD09 /* APIRequest.swift in Sources */ = {isa = PBXBuildFile; fileRef = F3F26D862CC3FDA30050DD09 /* APIRequest.swift */; };
		F3F26D892CC3FE170050DD09 /* HTTPRequestMethod.swift in Sources */ = {isa = PBXBuildFile; fileRef = F3F26D882CC3FE170050DD09 /* HTTPRequestMethod.swift */; };
		F3F26D8C2CC44EFE0050DD09 /* APIResponseValidator.swift in Sources */ = {isa = PBXBuildFile; fileRef = F3F26D8B2CC44EFE0050DD09 /* APIResponseValidator.swift */; };
		F3F26D912CC455A00050DD09 /* PhotosUrl.swift in Sources */ = {isa = PBXBuildFile; fileRef = F3F26D902CC455A00050DD09 /* PhotosUrl.swift */; };
		F3F26D932CC455AF0050DD09 /* PlacePhotos.swift in Sources */ = {isa = PBXBuildFile; fileRef = F3F26D922CC455AF0050DD09 /* PlacePhotos.swift */; };
		F3F26D952CC455BB0050DD09 /* PlacePhotosList.swift in Sources */ = {isa = PBXBuildFile; fileRef = F3F26D942CC455BB0050DD09 /* PlacePhotosList.swift */; };
		F3F26D982CC4565E0050DD09 /* PexelPhotos.swift in Sources */ = {isa = PBXBuildFile; fileRef = F3F26D972CC4565E0050DD09 /* PexelPhotos.swift */; };
		F3F26D9A2CC542BF0050DD09 /* PexelPhotosViewModel.swift in Sources */ = {isa = PBXBuildFile; fileRef = F3F26D992CC542BF0050DD09 /* PexelPhotosViewModel.swift */; };
		F3F26D9C2CC54EDB0050DD09 /* .gitignore in Resources */ = {isa = PBXBuildFile; fileRef = F3F26D9B2CC54EDB0050DD09 /* .gitignore */; };
		F3F26D9F2CC56EE40050DD09 /* Constants.swift in Sources */ = {isa = PBXBuildFile; fileRef = F3F26D9E2CC56EE40050DD09 /* Constants.swift */; };
/* End PBXBuildFile section */

/* Begin PBXFileReference section */
		F3F26D682CC3E6DB0050DD09 /* Network Manager.app */ = {isa = PBXFileReference; explicitFileType = wrapper.application; includeInIndex = 0; path = "Network Manager.app"; sourceTree = BUILT_PRODUCTS_DIR; };
		F3F26D6B2CC3E6DB0050DD09 /* AppDelegate.swift */ = {isa = PBXFileReference; lastKnownFileType = sourcecode.swift; path = AppDelegate.swift; sourceTree = "<group>"; };
		F3F26D6D2CC3E6DB0050DD09 /* SceneDelegate.swift */ = {isa = PBXFileReference; lastKnownFileType = sourcecode.swift; path = SceneDelegate.swift; sourceTree = "<group>"; };
		F3F26D6F2CC3E6DB0050DD09 /* ViewController.swift */ = {isa = PBXFileReference; lastKnownFileType = sourcecode.swift; path = ViewController.swift; sourceTree = "<group>"; };
		F3F26D742CC3E6DC0050DD09 /* Assets.xcassets */ = {isa = PBXFileReference; lastKnownFileType = folder.assetcatalog; path = Assets.xcassets; sourceTree = "<group>"; };
		F3F26D792CC3E6DC0050DD09 /* Info.plist */ = {isa = PBXFileReference; lastKnownFileType = text.plist.xml; path = Info.plist; sourceTree = "<group>"; };
		F3F26D802CC3EEE30050DD09 /* LaunchScreen.storyboard */ = {isa = PBXFileReference; lastKnownFileType = file.storyboard; path = LaunchScreen.storyboard; sourceTree = "<group>"; };
		F3F26D822CC3F38A0050DD09 /* NetworkManager.swift */ = {isa = PBXFileReference; lastKnownFileType = sourcecode.swift; path = NetworkManager.swift; sourceTree = "<group>"; };
		F3F26D842CC3F5C10050DD09 /* APIRequestError.swift */ = {isa = PBXFileReference; lastKnownFileType = sourcecode.swift; path = APIRequestError.swift; sourceTree = "<group>"; };
		F3F26D862CC3FDA30050DD09 /* APIRequest.swift */ = {isa = PBXFileReference; lastKnownFileType = sourcecode.swift; path = APIRequest.swift; sourceTree = "<group>"; };
		F3F26D882CC3FE170050DD09 /* HTTPRequestMethod.swift */ = {isa = PBXFileReference; lastKnownFileType = sourcecode.swift; path = HTTPRequestMethod.swift; sourceTree = "<group>"; };
		F3F26D8B2CC44EFE0050DD09 /* APIResponseValidator.swift */ = {isa = PBXFileReference; lastKnownFileType = sourcecode.swift; path = APIResponseValidator.swift; sourceTree = "<group>"; };
		F3F26D902CC455A00050DD09 /* PhotosUrl.swift */ = {isa = PBXFileReference; lastKnownFileType = sourcecode.swift; path = PhotosUrl.swift; sourceTree = "<group>"; };
		F3F26D922CC455AF0050DD09 /* PlacePhotos.swift */ = {isa = PBXFileReference; lastKnownFileType = sourcecode.swift; path = PlacePhotos.swift; sourceTree = "<group>"; };
		F3F26D942CC455BB0050DD09 /* PlacePhotosList.swift */ = {isa = PBXFileReference; lastKnownFileType = sourcecode.swift; path = PlacePhotosList.swift; sourceTree = "<group>"; };
		F3F26D972CC4565E0050DD09 /* PexelPhotos.swift */ = {isa = PBXFileReference; lastKnownFileType = sourcecode.swift; path = PexelPhotos.swift; sourceTree = "<group>"; };
		F3F26D992CC542BF0050DD09 /* PexelPhotosViewModel.swift */ = {isa = PBXFileReference; lastKnownFileType = sourcecode.swift; path = PexelPhotosViewModel.swift; sourceTree = "<group>"; };
		F3F26D9B2CC54EDB0050DD09 /* .gitignore */ = {isa = PBXFileReference; lastKnownFileType = text; path = .gitignore; sourceTree = "<group>"; };
		F3F26D9D2CC55D170050DD09 /* Secrets.xcconfig */ = {isa = PBXFileReference; lastKnownFileType = text.xcconfig; path = Secrets.xcconfig; sourceTree = "<group>"; };
		F3F26D9E2CC56EE40050DD09 /* Constants.swift */ = {isa = PBXFileReference; lastKnownFileType = sourcecode.swift; path = Constants.swift; sourceTree = "<group>"; };
/* End PBXFileReference section */

/* Begin PBXFrameworksBuildPhase section */
		F3F26D652CC3E6DB0050DD09 /* Frameworks */ = {
			isa = PBXFrameworksBuildPhase;
			buildActionMask = 2147483647;
			files = (
			);
			runOnlyForDeploymentPostprocessing = 0;
		};
/* End PBXFrameworksBuildPhase section */

/* Begin PBXGroup section */
		F3F26D5F2CC3E6DB0050DD09 = {
			isa = PBXGroup;
			children = (
				F3F26D9D2CC55D170050DD09 /* Secrets.xcconfig */,
				F3F26D9B2CC54EDB0050DD09 /* .gitignore */,
				F3F26D6A2CC3E6DB0050DD09 /* Network Manager */,
				F3F26D692CC3E6DB0050DD09 /* Products */,
			);
			sourceTree = "<group>";
		};
		F3F26D692CC3E6DB0050DD09 /* Products */ = {
			isa = PBXGroup;
			children = (
				F3F26D682CC3E6DB0050DD09 /* Network Manager.app */,
			);
			name = Products;
			sourceTree = "<group>";
		};
		F3F26D6A2CC3E6DB0050DD09 /* Network Manager */ = {
			isa = PBXGroup;
			children = (
				F3F26D8E2CC4556F0050DD09 /* View Model */,
				F3F26D8D2CC455680050DD09 /* Model */,
				F3F26D8A2CC44DE40050DD09 /* Network Manager */,
				F3F26D6B2CC3E6DB0050DD09 /* AppDelegate.swift */,
				F3F26D6D2CC3E6DB0050DD09 /* SceneDelegate.swift */,
				F3F26D6F2CC3E6DB0050DD09 /* ViewController.swift */,
				F3F26D742CC3E6DC0050DD09 /* Assets.xcassets */,
				F3F26D802CC3EEE30050DD09 /* LaunchScreen.storyboard */,
				F3F26D792CC3E6DC0050DD09 /* Info.plist */,
				F3F26D9E2CC56EE40050DD09 /* Constants.swift */,
			);
			path = "Network Manager";
			sourceTree = "<group>";
		};
		F3F26D8A2CC44DE40050DD09 /* Network Manager */ = {
			isa = PBXGroup;
			children = (
				F3F26D842CC3F5C10050DD09 /* APIRequestError.swift */,
				F3F26D862CC3FDA30050DD09 /* APIRequest.swift */,
				F3F26D882CC3FE170050DD09 /* HTTPRequestMethod.swift */,
				F3F26D822CC3F38A0050DD09 /* NetworkManager.swift */,
				F3F26D8B2CC44EFE0050DD09 /* APIResponseValidator.swift */,
			);
			path = "Network Manager";
			sourceTree = "<group>";
		};
		F3F26D8D2CC455680050DD09 /* Model */ = {
			isa = PBXGroup;
			children = (
				F3F26D8F2CC4558F0050DD09 /* PexelPhotosModel */,
			);
			path = Model;
			sourceTree = "<group>";
		};
		F3F26D8E2CC4556F0050DD09 /* View Model */ = {
			isa = PBXGroup;
			children = (
				F3F26D992CC542BF0050DD09 /* PexelPhotosViewModel.swift */,
			);
			path = "View Model";
			sourceTree = "<group>";
		};
		F3F26D8F2CC4558F0050DD09 /* PexelPhotosModel */ = {
			isa = PBXGroup;
			children = (
				F3F26D972CC4565E0050DD09 /* PexelPhotos.swift */,
				F3F26D942CC455BB0050DD09 /* PlacePhotosList.swift */,
				F3F26D922CC455AF0050DD09 /* PlacePhotos.swift */,
				F3F26D902CC455A00050DD09 /* PhotosUrl.swift */,
			);
			path = PexelPhotosModel;
			sourceTree = "<group>";
		};
/* End PBXGroup section */

/* Begin PBXNativeTarget section */
		F3F26D672CC3E6DB0050DD09 /* Network Manager */ = {
			isa = PBXNativeTarget;
			buildConfigurationList = F3F26D7C2CC3E6DC0050DD09 /* Build configuration list for PBXNativeTarget "Network Manager" */;
			buildPhases = (
				F3F26D642CC3E6DB0050DD09 /* Sources */,
				F3F26D652CC3E6DB0050DD09 /* Frameworks */,
				F3F26D662CC3E6DB0050DD09 /* Resources */,
			);
			buildRules = (
			);
			dependencies = (
			);
			name = "Network Manager";
			productName = "Network Manager";
			productReference = F3F26D682CC3E6DB0050DD09 /* Network Manager.app */;
			productType = "com.apple.product-type.application";
		};
/* End PBXNativeTarget section */

/* Begin PBXProject section */
		F3F26D602CC3E6DB0050DD09 /* Project object */ = {
			isa = PBXProject;
			attributes = {
				BuildIndependentTargetsInParallel = 1;
				LastSwiftUpdateCheck = 1530;
				LastUpgradeCheck = 1530;
				TargetAttributes = {
					F3F26D672CC3E6DB0050DD09 = {
						CreatedOnToolsVersion = 15.3;
					};
				};
			};
			buildConfigurationList = F3F26D632CC3E6DB0050DD09 /* Build configuration list for PBXProject "Network Manager" */;
			compatibilityVersion = "Xcode 14.0";
			developmentRegion = en;
			hasScannedForEncodings = 0;
			knownRegions = (
				en,
				Base,
			);
			mainGroup = F3F26D5F2CC3E6DB0050DD09;
			productRefGroup = F3F26D692CC3E6DB0050DD09 /* Products */;
			projectDirPath = "";
			projectRoot = "";
			targets = (
				F3F26D672CC3E6DB0050DD09 /* Network Manager */,
			);
		};
/* End PBXProject section */

/* Begin PBXResourcesBuildPhase section */
		F3F26D662CC3E6DB0050DD09 /* Resources */ = {
			isa = PBXResourcesBuildPhase;
			buildActionMask = 2147483647;
			files = (
				F3F26D752CC3E6DC0050DD09 /* Assets.xcassets in Resources */,
				F3F26D9C2CC54EDB0050DD09 /* .gitignore in Resources */,
				F3F26D812CC3EEE30050DD09 /* LaunchScreen.storyboard in Resources */,
			);
			runOnlyForDeploymentPostprocessing = 0;
		};
/* End PBXResourcesBuildPhase section */

/* Begin PBXSourcesBuildPhase section */
		F3F26D642CC3E6DB0050DD09 /* Sources */ = {
			isa = PBXSourcesBuildPhase;
			buildActionMask = 2147483647;
			files = (
				F3F26D832CC3F38A0050DD09 /* NetworkManager.swift in Sources */,
				F3F26D852CC3F5C10050DD09 /* APIRequestError.swift in Sources */,
				F3F26D932CC455AF0050DD09 /* PlacePhotos.swift in Sources */,
				F3F26D872CC3FDA30050DD09 /* APIRequest.swift in Sources */,
				F3F26D952CC455BB0050DD09 /* PlacePhotosList.swift in Sources */,
				F3F26D702CC3E6DB0050DD09 /* ViewController.swift in Sources */,
				F3F26D8C2CC44EFE0050DD09 /* APIResponseValidator.swift in Sources */,
				F3F26D982CC4565E0050DD09 /* PexelPhotos.swift in Sources */,
				F3F26D9A2CC542BF0050DD09 /* PexelPhotosViewModel.swift in Sources */,
				F3F26D6C2CC3E6DB0050DD09 /* AppDelegate.swift in Sources */,
				F3F26D6E2CC3E6DB0050DD09 /* SceneDelegate.swift in Sources */,
				F3F26D9F2CC56EE40050DD09 /* Constants.swift in Sources */,
				F3F26D892CC3FE170050DD09 /* HTTPRequestMethod.swift in Sources */,
				F3F26D912CC455A00050DD09 /* PhotosUrl.swift in Sources */,
			);
			runOnlyForDeploymentPostprocessing = 0;
		};
/* End PBXSourcesBuildPhase section */

/* Begin XCBuildConfiguration section */
		F3F26D7A2CC3E6DC0050DD09 /* Debug */ = {
			isa = XCBuildConfiguration;
			baseConfigurationReference = F3F26D9D2CC55D170050DD09 /* Secrets.xcconfig */;
			buildSettings = {
				ALWAYS_SEARCH_USER_PATHS = NO;
				ASSETCATALOG_COMPILER_GENERATE_SWIFT_ASSET_SYMBOL_EXTENSIONS = YES;
				CLANG_ANALYZER_NONNULL = YES;
				CLANG_ANALYZER_NUMBER_OBJECT_CONVERSION = YES_AGGRESSIVE;
				CLANG_CXX_LANGUAGE_STANDARD = "gnu++20";
				CLANG_ENABLE_MODULES = YES;
				CLANG_ENABLE_OBJC_ARC = YES;
				CLANG_ENABLE_OBJC_WEAK = YES;
				CLANG_WARN_BLOCK_CAPTURE_AUTORELEASING = YES;
				CLANG_WARN_BOOL_CONVERSION = YES;
				CLANG_WARN_COMMA = YES;
				CLANG_WARN_CONSTANT_CONVERSION = YES;
				CLANG_WARN_DEPRECATED_OBJC_IMPLEMENTATIONS = YES;
				CLANG_WARN_DIRECT_OBJC_ISA_USAGE = YES_ERROR;
				CLANG_WARN_DOCUMENTATION_COMMENTS = YES;
				CLANG_WARN_EMPTY_BODY = YES;
				CLANG_WARN_ENUM_CONVERSION = YES;
				CLANG_WARN_INFINITE_RECURSION = YES;
				CLANG_WARN_INT_CONVERSION = YES;
				CLANG_WARN_NON_LITERAL_NULL_CONVERSION = YES;
				CLANG_WARN_OBJC_IMPLICIT_RETAIN_SELF = YES;
				CLANG_WARN_OBJC_LITERAL_CONVERSION = YES;
				CLANG_WARN_OBJC_ROOT_CLASS = YES_ERROR;
				CLANG_WARN_QUOTED_INCLUDE_IN_FRAMEWORK_HEADER = YES;
				CLANG_WARN_RANGE_LOOP_ANALYSIS = YES;
				CLANG_WARN_STRICT_PROTOTYPES = YES;
				CLANG_WARN_SUSPICIOUS_MOVE = YES;
				CLANG_WARN_UNGUARDED_AVAILABILITY = YES_AGGRESSIVE;
				CLANG_WARN_UNREACHABLE_CODE = YES;
				CLANG_WARN__DUPLICATE_METHOD_MATCH = YES;
				COPY_PHASE_STRIP = NO;
				DEBUG_INFORMATION_FORMAT = dwarf;
				ENABLE_STRICT_OBJC_MSGSEND = YES;
				ENABLE_TESTABILITY = YES;
				ENABLE_USER_SCRIPT_SANDBOXING = YES;
				GCC_C_LANGUAGE_STANDARD = gnu17;
				GCC_DYNAMIC_NO_PIC = NO;
				GCC_NO_COMMON_BLOCKS = YES;
				GCC_OPTIMIZATION_LEVEL = 0;
				GCC_PREPROCESSOR_DEFINITIONS = (
					"DEBUG=1",
					"$(inherited)",
				);
				GCC_WARN_64_TO_32_BIT_CONVERSION = YES;
				GCC_WARN_ABOUT_RETURN_TYPE = YES_ERROR;
				GCC_WARN_UNDECLARED_SELECTOR = YES;
				GCC_WARN_UNINITIALIZED_AUTOS = YES_AGGRESSIVE;
				GCC_WARN_UNUSED_FUNCTION = YES;
				GCC_WARN_UNUSED_VARIABLE = YES;
				IPHONEOS_DEPLOYMENT_TARGET = 17.4;
				LOCALIZATION_PREFERS_STRING_CATALOGS = YES;
				MTL_ENABLE_DEBUG_INFO = INCLUDE_SOURCE;
				MTL_FAST_MATH = YES;
				ONLY_ACTIVE_ARCH = YES;
				SDKROOT = iphoneos;
				SWIFT_ACTIVE_COMPILATION_CONDITIONS = "DEBUG $(inherited)";
				SWIFT_OPTIMIZATION_LEVEL = "-Onone";
			};
			name = Debug;
		};
		F3F26D7B2CC3E6DC0050DD09 /* Release */ = {
			isa = XCBuildConfiguration;
			baseConfigurationReference = F3F26D9D2CC55D170050DD09 /* Secrets.xcconfig */;
			buildSettings = {
				ALWAYS_SEARCH_USER_PATHS = NO;
				ASSETCATALOG_COMPILER_GENERATE_SWIFT_ASSET_SYMBOL_EXTENSIONS = YES;
				CLANG_ANALYZER_NONNULL = YES;
				CLANG_ANALYZER_NUMBER_OBJECT_CONVERSION = YES_AGGRESSIVE;
				CLANG_CXX_LANGUAGE_STANDARD = "gnu++20";
				CLANG_ENABLE_MODULES = YES;
				CLANG_ENABLE_OBJC_ARC = YES;
				CLANG_ENABLE_OBJC_WEAK = YES;
				CLANG_WARN_BLOCK_CAPTURE_AUTORELEASING = YES;
				CLANG_WARN_BOOL_CONVERSION = YES;
				CLANG_WARN_COMMA = YES;
				CLANG_WARN_CONSTANT_CONVERSION = YES;
				CLANG_WARN_DEPRECATED_OBJC_IMPLEMENTATIONS = YES;
				CLANG_WARN_DIRECT_OBJC_ISA_USAGE = YES_ERROR;
				CLANG_WARN_DOCUMENTATION_COMMENTS = YES;
				CLANG_WARN_EMPTY_BODY = YES;
				CLANG_WARN_ENUM_CONVERSION = YES;
				CLANG_WARN_INFINITE_RECURSION = YES;
				CLANG_WARN_INT_CONVERSION = YES;
				CLANG_WARN_NON_LITERAL_NULL_CONVERSION = YES;
				CLANG_WARN_OBJC_IMPLICIT_RETAIN_SELF = YES;
				CLANG_WARN_OBJC_LITERAL_CONVERSION = YES;
				CLANG_WARN_OBJC_ROOT_CLASS = YES_ERROR;
				CLANG_WARN_QUOTED_INCLUDE_IN_FRAMEWORK_HEADER = YES;
				CLANG_WARN_RANGE_LOOP_ANALYSIS = YES;
				CLANG_WARN_STRICT_PROTOTYPES = YES;
				CLANG_WARN_SUSPICIOUS_MOVE = YES;
				CLANG_WARN_UNGUARDED_AVAILABILITY = YES_AGGRESSIVE;
				CLANG_WARN_UNREACHABLE_CODE = YES;
				CLANG_WARN__DUPLICATE_METHOD_MATCH = YES;
				COPY_PHASE_STRIP = NO;
				DEBUG_INFORMATION_FORMAT = "dwarf-with-dsym";
				ENABLE_NS_ASSERTIONS = NO;
				ENABLE_STRICT_OBJC_MSGSEND = YES;
				ENABLE_USER_SCRIPT_SANDBOXING = YES;
				GCC_C_LANGUAGE_STANDARD = gnu17;
				GCC_NO_COMMON_BLOCKS = YES;
				GCC_WARN_64_TO_32_BIT_CONVERSION = YES;
				GCC_WARN_ABOUT_RETURN_TYPE = YES_ERROR;
				GCC_WARN_UNDECLARED_SELECTOR = YES;
				GCC_WARN_UNINITIALIZED_AUTOS = YES_AGGRESSIVE;
				GCC_WARN_UNUSED_FUNCTION = YES;
				GCC_WARN_UNUSED_VARIABLE = YES;
				IPHONEOS_DEPLOYMENT_TARGET = 17.4;
				LOCALIZATION_PREFERS_STRING_CATALOGS = YES;
				MTL_ENABLE_DEBUG_INFO = NO;
				MTL_FAST_MATH = YES;
				SDKROOT = iphoneos;
				SWIFT_COMPILATION_MODE = wholemodule;
				VALIDATE_PRODUCT = YES;
			};
			name = Release;
		};
		F3F26D7D2CC3E6DC0050DD09 /* Debug */ = {
			isa = XCBuildConfiguration;
			buildSettings = {
				ASSETCATALOG_COMPILER_APPICON_NAME = AppIcon;
				ASSETCATALOG_COMPILER_GLOBAL_ACCENT_COLOR_NAME = AccentColor;
				CODE_SIGN_STYLE = Automatic;
				CURRENT_PROJECT_VERSION = 1;
				GENERATE_INFOPLIST_FILE = YES;
				INFOPLIST_FILE = "Network Manager/Info.plist";
				INFOPLIST_KEY_UIApplicationSupportsIndirectInputEvents = YES;
				INFOPLIST_KEY_UILaunchStoryboardName = LaunchScreen;
				INFOPLIST_KEY_UISupportedInterfaceOrientations_iPad = "UIInterfaceOrientationPortrait UIInterfaceOrientationPortraitUpsideDown UIInterfaceOrientationLandscapeLeft UIInterfaceOrientationLandscapeRight";
				INFOPLIST_KEY_UISupportedInterfaceOrientations_iPhone = "UIInterfaceOrientationPortrait UIInterfaceOrientationLandscapeLeft UIInterfaceOrientationLandscapeRight";
				LD_RUNPATH_SEARCH_PATHS = (
					"$(inherited)",
					"@executable_path/Frameworks",
				);
				MARKETING_VERSION = 1.0;
				PRODUCT_BUNDLE_IDENTIFIER = "com.test.Network-Manager";
				PRODUCT_NAME = "$(TARGET_NAME)";
				SWIFT_EMIT_LOC_STRINGS = YES;
				SWIFT_VERSION = 5.0;
				TARGETED_DEVICE_FAMILY = "1,2";
			};
			name = Debug;
		};
		F3F26D7E2CC3E6DC0050DD09 /* Release */ = {
			isa = XCBuildConfiguration;
			buildSettings = {
				ASSETCATALOG_COMPILER_APPICON_NAME = AppIcon;
				ASSETCATALOG_COMPILER_GLOBAL_ACCENT_COLOR_NAME = AccentColor;
				CODE_SIGN_STYLE = Automatic;
				CURRENT_PROJECT_VERSION = 1;
				GENERATE_INFOPLIST_FILE = YES;
				INFOPLIST_FILE = "Network Manager/Info.plist";
				INFOPLIST_KEY_UIApplicationSupportsIndirectInputEvents = YES;
				INFOPLIST_KEY_UILaunchStoryboardName = LaunchScreen;
				INFOPLIST_KEY_UISupportedInterfaceOrientations_iPad = "UIInterfaceOrientationPortrait UIInterfaceOrientationPortraitUpsideDown UIInterfaceOrientationLandscapeLeft UIInterfaceOrientationLandscapeRight";
				INFOPLIST_KEY_UISupportedInterfaceOrientations_iPhone = "UIInterfaceOrientationPortrait UIInterfaceOrientationLandscapeLeft UIInterfaceOrientationLandscapeRight";
				LD_RUNPATH_SEARCH_PATHS = (
					"$(inherited)",
					"@executable_path/Frameworks",
				);
				MARKETING_VERSION = 1.0;
				PRODUCT_BUNDLE_IDENTIFIER = "com.test.Network-Manager";
				PRODUCT_NAME = "$(TARGET_NAME)";
				SWIFT_EMIT_LOC_STRINGS = YES;
				SWIFT_VERSION = 5.0;
				TARGETED_DEVICE_FAMILY = "1,2";
			};
			name = Release;
		};
/* End XCBuildConfiguration section */

/* Begin XCConfigurationList section */
		F3F26D632CC3E6DB0050DD09 /* Build configuration list for PBXProject "Network Manager" */ = {
			isa = XCConfigurationList;
			buildConfigurations = (
				F3F26D7A2CC3E6DC0050DD09 /* Debug */,
				F3F26D7B2CC3E6DC0050DD09 /* Release */,
			);
			defaultConfigurationIsVisible = 0;
			defaultConfigurationName = Release;
		};
		F3F26D7C2CC3E6DC0050DD09 /* Build configuration list for PBXNativeTarget "Network Manager" */ = {
			isa = XCConfigurationList;
			buildConfigurations = (
				F3F26D7D2CC3E6DC0050DD09 /* Debug */,
				F3F26D7E2CC3E6DC0050DD09 /* Release */,
			);
			defaultConfigurationIsVisible = 0;
			defaultConfigurationName = Release;
		};
/* End XCConfigurationList section */
	};
	rootObject = F3F26D602CC3E6DB0050DD09 /* Project object */;
}
